{
  "version": 4,
  "terraform_version": "1.1.6",
  "serial": 135,
  "lineage": "9b638b22-ae4e-9011-3793-fed8c72074b1",
  "outputs": {
    "ec2_IP": {
      "value": "54.237.251.246",
      "type": "string"
    }
  },
  "resources": [
    {
      "mode": "data",
      "type": "aws_iam_policy_document",
      "name": "codebuild_assume_role_policy",
      "provider": "provider[\"registry.terraform.io/hashicorp/aws\"]",
      "instances": [
        {
          "schema_version": 0,
          "attributes": {
            "id": "442947395",
            "json": "{\n  \"Version\": \"2012-10-17\",\n  \"Statement\": [\n    {\n      \"Sid\": \"\",\n      \"Effect\": \"Allow\",\n      \"Action\": \"sts:AssumeRole\",\n      \"Principal\": {\n        \"Service\": \"codebuild.amazonaws.com\"\n      }\n    }\n  ]\n}",
            "override_json": null,
            "override_policy_documents": null,
            "policy_id": null,
            "source_json": null,
            "source_policy_documents": null,
            "statement": [
              {
                "actions": [
                  "sts:AssumeRole"
                ],
                "condition": [],
                "effect": "Allow",
                "not_actions": [],
                "not_principals": [],
                "not_resources": [],
                "principals": [
                  {
                    "identifiers": [
                      "codebuild.amazonaws.com"
                    ],
                    "type": "Service"
                  }
                ],
                "resources": [],
                "sid": ""
              }
            ],
            "version": "2012-10-17"
          },
          "sensitive_attributes": []
        }
      ]
    },
    {
      "mode": "data",
      "type": "aws_iam_policy_document",
      "name": "codepipeline_assume_role_policy",
      "provider": "provider[\"registry.terraform.io/hashicorp/aws\"]",
      "instances": [
        {
          "schema_version": 0,
          "attributes": {
            "id": "4193097817",
            "json": "{\n  \"Version\": \"2008-10-17\",\n  \"Statement\": [\n    {\n      \"Sid\": \"\",\n      \"Effect\": \"Allow\",\n      \"Action\": \"sts:AssumeRole\",\n      \"Principal\": {\n        \"Service\": \"codepipeline.amazonaws.com\"\n      }\n    }\n  ]\n}",
            "override_json": null,
            "override_policy_documents": null,
            "policy_id": null,
            "source_json": null,
            "source_policy_documents": null,
            "statement": [
              {
                "actions": [
                  "sts:AssumeRole"
                ],
                "condition": [],
                "effect": "Allow",
                "not_actions": [],
                "not_principals": [],
                "not_resources": [],
                "principals": [
                  {
                    "identifiers": [
                      "codepipeline.amazonaws.com"
                    ],
                    "type": "Service"
                  }
                ],
                "resources": [],
                "sid": ""
              }
            ],
            "version": "2008-10-17"
          },
          "sensitive_attributes": []
        }
      ]
    },
    {
      "mode": "data",
      "type": "aws_iam_policy_document",
      "name": "tf-cicd-build-policies",
      "provider": "provider[\"registry.terraform.io/hashicorp/aws\"]",
      "instances": [
        {
          "schema_version": 0,
          "attributes": {
            "id": "3696778750",
            "json": "{\n  \"Version\": \"2012-10-17\",\n  \"Statement\": [\n    {\n      \"Sid\": \"\",\n      \"Effect\": \"Allow\",\n      \"Action\": [\n        \"secretsmanager:*\",\n        \"s3:*\",\n        \"logs:*\",\n        \"iam:*\",\n        \"codebuild:*\",\n        \"cloudwatch:*\"\n      ],\n      \"Resource\": \"*\"\n    }\n  ]\n}",
            "override_json": null,
            "override_policy_documents": null,
            "policy_id": null,
            "source_json": null,
            "source_policy_documents": null,
            "statement": [
              {
                "actions": [
                  "cloudwatch:*",
                  "codebuild:*",
                  "iam:*",
                  "logs:*",
                  "s3:*",
                  "secretsmanager:*"
                ],
                "condition": [],
                "effect": "Allow",
                "not_actions": [],
                "not_principals": [],
                "not_resources": [],
                "principals": [],
                "resources": [
                  "*"
                ],
                "sid": ""
              }
            ],
            "version": "2012-10-17"
          },
          "sensitive_attributes": []
        }
      ]
    },
    {
      "mode": "data",
      "type": "aws_iam_policy_document",
      "name": "tf-cicd-pipeline-policies",
      "provider": "provider[\"registry.terraform.io/hashicorp/aws\"]",
      "instances": [
        {
          "schema_version": 0,
          "attributes": {
            "id": "2282495522",
            "json": "{\n  \"Version\": \"2012-10-17\",\n  \"Statement\": [\n    {\n      \"Sid\": \"\",\n      \"Effect\": \"Allow\",\n      \"Action\": [\n        \"s3:*\",\n        \"codebuild:*\",\n        \"cloudwatch:*\"\n      ],\n      \"Resource\": \"*\"\n    }\n  ]\n}",
            "override_json": null,
            "override_policy_documents": null,
            "policy_id": null,
            "source_json": null,
            "source_policy_documents": null,
            "statement": [
              {
                "actions": [
                  "cloudwatch:*",
                  "codebuild:*",
                  "s3:*"
                ],
                "condition": [],
                "effect": "Allow",
                "not_actions": [],
                "not_principals": [],
                "not_resources": [],
                "principals": [],
                "resources": [
                  "*"
                ],
                "sid": ""
              }
            ],
            "version": "2012-10-17"
          },
          "sensitive_attributes": []
        }
      ]
    },
    {
      "mode": "data",
      "type": "template_file",
      "name": "buildspec",
      "provider": "provider[\"registry.terraform.io/hashicorp/template\"]",
      "instances": [
        {
          "schema_version": 0,
          "attributes": {
            "filename": null,
            "id": "63e1f796762bb70312a275edea0284e93d53ea88e0db7e0ea2cf5f5a332ce38d",
            "rendered": "version: 0.2\n\nenv:\n  variables:\n    NODE_ENV: \"dev\"\n\nphases:\n  install:\n    runtime-versions:\n      nodejs: 12\n    commands:\n      - cd my-app\n      - pwd\n      - npm install\n      - npm install @babel/eslint-parser -S\n      - npm i @babel/core -S\n      - ls -lrth\n      # - npm run lint\n  pre_build:\n    commands:\n      - pwd\n      - ls -lrth\n      - npm run build\n  \n  build:\n    commands:\n      - aws s3 sync build/ s3:reactapp-gpabby\n\nartifacts:\n  files:\n    - \"*/\"\n  name: \"web-dist-test-s3\"\n  base-directory: build",
            "template": "version: 0.2\n\nenv:\n  variables:\n    NODE_ENV: \"dev\"\n\nphases:\n  install:\n    runtime-versions:\n      nodejs: 12\n    commands:\n      - cd my-app\n      - pwd\n      - npm install\n      - npm install @babel/eslint-parser -S\n      - npm i @babel/core -S\n      - ls -lrth\n      # - npm run lint\n  pre_build:\n    commands:\n      - pwd\n      - ls -lrth\n      - npm run build\n  \n  build:\n    commands:\n      - aws s3 sync build/ s3:reactapp-gpabby\n\nartifacts:\n  files:\n    - \"*/\"\n  name: \"web-dist-test-s3\"\n  base-directory: build",
            "vars": {
              "env": "dev"
            }
          },
          "sensitive_attributes": []
        }
      ]
    },
    {
      "mode": "managed",
      "type": "aws_codebuild_project",
      "name": "static_web_build",
      "provider": "provider[\"registry.terraform.io/hashicorp/aws\"]",
      "instances": [
        {
          "schema_version": 0,
          "attributes": {
            "arn": "arn:aws:codebuild:us-east-1:508154593707:project/static-web-build",
            "artifacts": [
              {
                "artifact_identifier": "",
                "bucket_owner_access": "",
                "encryption_disabled": false,
                "location": "",
                "name": "",
                "namespace_type": "",
                "override_artifact_name": false,
                "packaging": "",
                "path": "",
                "type": "NO_ARTIFACTS"
              }
            ],
            "badge_enabled": false,
            "badge_url": "",
            "build_batch_config": [],
            "build_timeout": 60,
            "cache": [
              {
                "location": "",
                "modes": [],
                "type": "NO_CACHE"
              }
            ],
            "concurrent_build_limit": 0,
            "description": "",
            "encryption_key": "arn:aws:kms:us-east-1:508154593707:alias/aws/s3",
            "environment": [
              {
                "certificate": "",
                "compute_type": "BUILD_GENERAL1_SMALL",
                "environment_variable": [],
                "image": "aws/codebuild/amazonlinux2-x86_64-standard:2.0",
                "image_pull_credentials_type": "CODEBUILD",
                "privileged_mode": false,
                "registry_credential": [],
                "type": "LINUX_CONTAINER"
              }
            ],
            "file_system_locations": [],
            "id": "arn:aws:codebuild:us-east-1:508154593707:project/static-web-build",
            "logs_config": [
              {
                "cloudwatch_logs": [
                  {
                    "group_name": "",
                    "status": "ENABLED",
                    "stream_name": ""
                  }
                ],
                "s3_logs": [
                  {
                    "bucket_owner_access": "",
                    "encryption_disabled": false,
                    "location": "",
                    "status": "DISABLED"
                  }
                ]
              }
            ],
            "name": "static-web-build",
            "project_visibility": "PRIVATE",
            "public_project_alias": "",
            "queued_timeout": 480,
            "resource_access_role": "",
            "secondary_artifacts": [],
            "secondary_source_version": [],
            "secondary_sources": [],
            "service_role": "arn:aws:iam::508154593707:role/test-staticwebsite-code-build",
            "source": [
              {
                "auth": [],
                "build_status_config": [],
                "buildspec": "version: 0.2\n\nenv:\n  variables:\n    NODE_ENV: \"dev\"\n\nphases:\n  install:\n    runtime-versions:\n      nodejs: 12\n    commands:\n      - cd my-app\n      - pwd\n      - npm install\n      - npm install @babel/eslint-parser -S\n      - npm i @babel/core -S\n      - ls -lrth\n      # - npm run lint\n  pre_build:\n    commands:\n      - pwd\n      - ls -lrth\n      - npm run build\n  \n  build:\n    commands:\n      - aws s3 sync build/ s3:reactapp-gpabby\n\nartifacts:\n  files:\n    - \"*/\"\n  name: \"web-dist-test-s3\"\n  base-directory: build",
                "git_clone_depth": 0,
                "git_submodules_config": [],
                "insecure_ssl": true,
                "location": "https://github.com/Pabby07/AWS-codepipeline.git",
                "report_build_status": false,
                "type": "GITHUB"
              }
            ],
            "source_version": "",
            "tags": {},
            "tags_all": {},
            "vpc_config": []
          },
          "sensitive_attributes": [],
          "private": "bnVsbA==",
          "dependencies": [
            "aws_iam_role.codebuild_role",
            "data.template_file.buildspec"
          ]
        }
      ]
    },
    {
      "mode": "managed",
      "type": "aws_codepipeline",
      "name": "static_web_pipeline",
      "provider": "provider[\"registry.terraform.io/hashicorp/aws\"]",
      "instances": [
        {
          "schema_version": 0,
          "attributes": {
            "arn": "arn:aws:codepipeline:us-east-1:508154593707:static-web-pipeline",
            "artifact_store": [
              {
                "encryption_key": [],
                "location": "gpabby-test-artifacts-bucket-rajat",
                "region": "",
                "type": "S3"
              }
            ],
            "id": "static-web-pipeline",
            "name": "static-web-pipeline",
            "role_arn": "arn:aws:iam::508154593707:role/test-staticwebsite-codepipeline",
            "stage": [
              {
                "action": [
                  {
                    "category": "Source",
                    "configuration": {
                      "Branch": "master",
                      "OAuthToken": "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",
                      "Owner": "Pabby07",
                      "PollForSourceChanges": "false",
                      "Repo": "AWS-codepipeline"
                    },
                    "input_artifacts": [],
                    "name": "Source",
                    "namespace": "",
                    "output_artifacts": [
                      "SourceArtifact"
                    ],
                    "owner": "ThirdParty",
                    "provider": "GitHub",
                    "region": "",
                    "role_arn": "",
                    "run_order": 1,
                    "version": "1"
                  }
                ],
                "name": "Source"
              },
              {
                "action": [
                  {
                    "category": "Build",
                    "configuration": {
                      "EnvironmentVariables": "[{\"name\":\"environment\",\"type\":\"PLAINTEXT\",\"value\":\"dev\"}]",
                      "ProjectName": "static-web-build"
                    },
                    "input_artifacts": [
                      "SourceArtifact"
                    ],
                    "name": "Build",
                    "namespace": "",
                    "output_artifacts": [
                      "BuildArtifact"
                    ],
                    "owner": "AWS",
                    "provider": "CodeBuild",
                    "region": "",
                    "role_arn": "",
                    "run_order": 1,
                    "version": "1"
                  }
                ],
                "name": "Build"
              },
              {
                "action": [
                  {
                    "category": "Deploy",
                    "configuration": {
                      "BucketName": "test-static-website-hosting-gpabby",
                      "Extract": "true"
                    },
                    "input_artifacts": [
                      "BuildArtifact"
                    ],
                    "name": "Deploy",
                    "namespace": "",
                    "output_artifacts": [],
                    "owner": "AWS",
                    "provider": "S3",
                    "region": "",
                    "role_arn": "",
                    "run_order": 1,
                    "version": "1"
                  }
                ],
                "name": "Deploy"
              }
            ],
            "tags": {},
            "tags_all": {}
          },
          "sensitive_attributes": [],
          "private": "bnVsbA==",
          "dependencies": [
            "aws_iam_role.codepipeline_role",
            "data.aws_iam_policy_document.codepipeline_assume_role_policy"
          ]
        }
      ]
    },
    {
      "mode": "managed",
      "type": "aws_codepipeline_webhook",
      "name": "codepipeline_webhook",
      "provider": "provider[\"registry.terraform.io/hashicorp/aws\"]",
      "instances": [
        {
          "schema_version": 0,
          "attributes": {
            "arn": "arn:aws:codepipeline:us-east-1:508154593707:webhook:codepipeline-webhook",
            "authentication": "GITHUB_HMAC",
            "authentication_configuration": [
              {
                "allowed_ip_range": "",
                "secret_token": "vVzACZIgmQe8ghAJSTH7jncP3eaz12ox7IpnEQAvTrHlxhwmWIVOcrWmOsylhrFw4lv4vFiTBR7glGIRKXftzeVUdk1eKKSWGSo"
              }
            ],
            "filter": [
              {
                "json_path": "$.ref",
                "match_equals": "refs/heads/{Branch}"
              }
            ],
            "id": "arn:aws:codepipeline:us-east-1:508154593707:webhook:codepipeline-webhook",
            "name": "codepipeline-webhook",
            "tags": {},
            "tags_all": {},
            "target_action": "Source",
            "target_pipeline": "static-web-pipeline",
            "url": "https://us-east-1.webhooks.aws/trigger?t=eyJlbmNyeXB0ZWREYXRhIjoiR010bzk4dzlNNlNMYkExUUJKYUxKOWJhSHZFdUxwbUFYbjFLMlBrM0dvdVl4RSsremplQVpzRDV5Qjhlem92OWs4bk9hYXNUcklDbG8ya2xpNjYwdUttMTJEczJsNndONG84KzdoM2FRNVJpMmNDNk8yVkVHZ255QUZDbzd3UXhqWXB4YVFQNGx3UnFTRGgzRlBPK0pYOVpTenl0YXNaaE1KQ2Z4SVNxcjl6aGZnPT0iLCJpdlBhcmFtZXRlclNwZWMiOiJjVGtGVjJKRXZya1BkaHFEIiwibWF0ZXJpYWxTZXRTZXJpYWwiOjF9\u0026v=1"
          },
          "sensitive_attributes": [],
          "private": "bnVsbA==",
          "dependencies": [
            "aws_codepipeline.static_web_pipeline",
            "aws_iam_role.codepipeline_role",
            "data.aws_iam_policy_document.codepipeline_assume_role_policy",
            "random_string.github_secret"
          ]
        }
      ]
    },
    {
      "mode": "managed",
      "type": "aws_iam_policy",
      "name": "s3_access_policy",
      "provider": "provider[\"registry.terraform.io/hashicorp/aws\"]",
      "instances": [
        {
          "schema_version": 0,
          "attributes": {
            "arn": "arn:aws:iam::508154593707:policy/test-policy",
            "description": "A test policy",
            "id": "arn:aws:iam::508154593707:policy/test-policy",
            "name": "test-policy",
            "name_prefix": null,
            "path": "/",
            "policy": "{\"Statement\":[{\"Action\":[\"s3:*\",\"s3-object-lambda:*\"],\"Effect\":\"Allow\",\"Resource\":\"*\"}],\"Version\":\"2012-10-17\"}",
            "policy_id": "ANPAXMUC7YGV2BJM7SPLV",
            "tags": {},
            "tags_all": {}
          },
          "sensitive_attributes": [],
          "private": "bnVsbA=="
        }
      ]
    },
    {
      "mode": "managed",
      "type": "aws_iam_policy",
      "name": "tf-cicd-build-policy",
      "provider": "provider[\"registry.terraform.io/hashicorp/aws\"]",
      "instances": [
        {
          "schema_version": 0,
          "attributes": {
            "arn": "arn:aws:iam::508154593707:policy/tf-cicd-build-policy",
            "description": "Codebuild policy",
            "id": "arn:aws:iam::508154593707:policy/tf-cicd-build-policy",
            "name": "tf-cicd-build-policy",
            "name_prefix": null,
            "path": "/",
            "policy": "{\"Statement\":[{\"Action\":[\"secretsmanager:*\",\"s3:*\",\"logs:*\",\"iam:*\",\"codebuild:*\",\"cloudwatch:*\"],\"Effect\":\"Allow\",\"Resource\":\"*\",\"Sid\":\"\"}],\"Version\":\"2012-10-17\"}",
            "policy_id": "ANPAXMUC7YGV7SXPCWC7M",
            "tags": {},
            "tags_all": {}
          },
          "sensitive_attributes": [],
          "private": "bnVsbA==",
          "dependencies": [
            "data.aws_iam_policy_document.tf-cicd-build-policies"
          ]
        }
      ]
    },
    {
      "mode": "managed",
      "type": "aws_iam_policy",
      "name": "tf-cicd-pipeline-policy",
      "provider": "provider[\"registry.terraform.io/hashicorp/aws\"]",
      "instances": [
        {
          "schema_version": 0,
          "attributes": {
            "arn": "arn:aws:iam::508154593707:policy/tf-cicd-pipeline-policy",
            "description": "Pipeline policy",
            "id": "arn:aws:iam::508154593707:policy/tf-cicd-pipeline-policy",
            "name": "tf-cicd-pipeline-policy",
            "name_prefix": null,
            "path": "/",
            "policy": "{\"Statement\":[{\"Action\":[\"s3:*\",\"codebuild:*\",\"cloudwatch:*\"],\"Effect\":\"Allow\",\"Resource\":\"*\",\"Sid\":\"\"}],\"Version\":\"2012-10-17\"}",
            "policy_id": "ANPAXMUC7YGV2HUG6Z72O",
            "tags": {},
            "tags_all": {}
          },
          "sensitive_attributes": [],
          "private": "bnVsbA==",
          "dependencies": [
            "data.aws_iam_policy_document.tf-cicd-pipeline-policies"
          ]
        }
      ]
    },
    {
      "mode": "managed",
      "type": "aws_iam_role",
      "name": "codebuild_role",
      "provider": "provider[\"registry.terraform.io/hashicorp/aws\"]",
      "instances": [
        {
          "schema_version": 0,
          "attributes": {
            "arn": "arn:aws:iam::508154593707:role/test-staticwebsite-code-build",
            "assume_role_policy": "{\"Version\":\"2012-10-17\",\"Statement\":[{\"Sid\":\"\",\"Effect\":\"Allow\",\"Principal\":{\"Service\":\"codebuild.amazonaws.com\"},\"Action\":\"sts:AssumeRole\"}]}",
            "create_date": "2022-02-25T06:52:06Z",
            "description": "",
            "force_detach_policies": false,
            "id": "test-staticwebsite-code-build",
            "inline_policy": [
              {
                "name": "",
                "policy": ""
              }
            ],
            "managed_policy_arns": [
              "arn:aws:iam::508154593707:policy/tf-cicd-build-policy"
            ],
            "max_session_duration": 3600,
            "name": "test-staticwebsite-code-build",
            "name_prefix": "",
            "path": "/",
            "permissions_boundary": null,
            "tags": {},
            "tags_all": {},
            "unique_id": "AROAXMUC7YGV4YKF64ULR"
          },
          "sensitive_attributes": [],
          "private": "bnVsbA==",
          "dependencies": [
            "data.aws_iam_policy_document.codebuild_assume_role_policy"
          ]
        }
      ]
    },
    {
      "mode": "managed",
      "type": "aws_iam_role",
      "name": "codepipeline_role",
      "provider": "provider[\"registry.terraform.io/hashicorp/aws\"]",
      "instances": [
        {
          "schema_version": 0,
          "attributes": {
            "arn": "arn:aws:iam::508154593707:role/test-staticwebsite-codepipeline",
            "assume_role_policy": "{\"Version\":\"2008-10-17\",\"Statement\":[{\"Sid\":\"\",\"Effect\":\"Allow\",\"Principal\":{\"Service\":\"codepipeline.amazonaws.com\"},\"Action\":\"sts:AssumeRole\"}]}",
            "create_date": "2022-02-25T06:52:06Z",
            "description": "",
            "force_detach_policies": false,
            "id": "test-staticwebsite-codepipeline",
            "inline_policy": [
              {
                "name": "",
                "policy": ""
              }
            ],
            "managed_policy_arns": [
              "arn:aws:iam::508154593707:policy/test-policy",
              "arn:aws:iam::508154593707:policy/tf-cicd-pipeline-policy"
            ],
            "max_session_duration": 3600,
            "name": "test-staticwebsite-codepipeline",
            "name_prefix": "",
            "path": "/",
            "permissions_boundary": null,
            "tags": {},
            "tags_all": {},
            "unique_id": "AROAXMUC7YGVSZOKQPUUZ"
          },
          "sensitive_attributes": [],
          "private": "bnVsbA==",
          "dependencies": [
            "data.aws_iam_policy_document.codepipeline_assume_role_policy"
          ]
        }
      ]
    },
    {
      "mode": "managed",
      "type": "aws_iam_role_policy_attachment",
      "name": "test-attach",
      "provider": "provider[\"registry.terraform.io/hashicorp/aws\"]",
      "instances": [
        {
          "schema_version": 0,
          "attributes": {
            "id": "test-staticwebsite-codepipeline-20220225065207515300000001",
            "policy_arn": "arn:aws:iam::508154593707:policy/test-policy",
            "role": "test-staticwebsite-codepipeline"
          },
          "sensitive_attributes": [],
          "private": "bnVsbA==",
          "dependencies": [
            "aws_iam_policy.s3_access_policy",
            "aws_iam_role.codepipeline_role",
            "data.aws_iam_policy_document.codepipeline_assume_role_policy"
          ]
        }
      ]
    },
    {
      "mode": "managed",
      "type": "aws_iam_role_policy_attachment",
      "name": "tf-cicd-codebuild-attachment1",
      "provider": "provider[\"registry.terraform.io/hashicorp/aws\"]",
      "instances": [
        {
          "schema_version": 0,
          "attributes": {
            "id": "test-staticwebsite-code-build-20220226194028199800000001",
            "policy_arn": "arn:aws:iam::508154593707:policy/tf-cicd-build-policy",
            "role": "test-staticwebsite-code-build"
          },
          "sensitive_attributes": [],
          "private": "bnVsbA==",
          "dependencies": [
            "aws_iam_policy.tf-cicd-build-policy",
            "aws_iam_role.codebuild_role",
            "data.aws_iam_policy_document.codebuild_assume_role_policy",
            "data.aws_iam_policy_document.tf-cicd-build-policies"
          ]
        }
      ]
    },
    {
      "mode": "managed",
      "type": "aws_iam_role_policy_attachment",
      "name": "tf-cicd-pipeline-attachment",
      "provider": "provider[\"registry.terraform.io/hashicorp/aws\"]",
      "instances": [
        {
          "schema_version": 0,
          "attributes": {
            "id": "test-staticwebsite-codepipeline-20220226194754378400000001",
            "policy_arn": "arn:aws:iam::508154593707:policy/tf-cicd-pipeline-policy",
            "role": "test-staticwebsite-codepipeline"
          },
          "sensitive_attributes": [],
          "private": "bnVsbA==",
          "dependencies": [
            "aws_iam_policy.tf-cicd-pipeline-policy",
            "aws_iam_role.codepipeline_role",
            "data.aws_iam_policy_document.codepipeline_assume_role_policy",
            "data.aws_iam_policy_document.tf-cicd-pipeline-policies"
          ]
        }
      ]
    },
    {
      "mode": "managed",
      "type": "aws_instance",
      "name": "web",
      "provider": "provider[\"registry.terraform.io/hashicorp/aws\"]",
      "instances": [
        {
          "schema_version": 1,
          "attributes": {
            "ami": "ami-033b95fb8079dc481",
            "arn": "arn:aws:ec2:us-east-1:508154593707:instance/i-02072b85e7feb0ee0",
            "associate_public_ip_address": true,
            "availability_zone": "us-east-1b",
            "capacity_reservation_specification": [
              {
                "capacity_reservation_preference": "open",
                "capacity_reservation_target": []
              }
            ],
            "cpu_core_count": 1,
            "cpu_threads_per_core": 1,
            "credit_specification": [
              {
                "cpu_credits": "standard"
              }
            ],
            "disable_api_termination": false,
            "ebs_block_device": [],
            "ebs_optimized": false,
            "enclave_options": [
              {
                "enabled": false
              }
            ],
            "ephemeral_block_device": [],
            "get_password_data": false,
            "hibernation": false,
            "host_id": null,
            "iam_instance_profile": "",
            "id": "i-02072b85e7feb0ee0",
            "instance_initiated_shutdown_behavior": "stop",
            "instance_state": "running",
            "instance_type": "t2.micro",
            "ipv6_address_count": 0,
            "ipv6_addresses": [],
            "key_name": "",
            "launch_template": [],
            "metadata_options": [
              {
                "http_endpoint": "enabled",
                "http_put_response_hop_limit": 1,
                "http_tokens": "optional",
                "instance_metadata_tags": "disabled"
              }
            ],
            "monitoring": false,
            "network_interface": [],
            "outpost_arn": "",
            "password_data": "",
            "placement_group": "",
            "placement_partition_number": null,
            "primary_network_interface_id": "eni-04ce6bca84b713d44",
            "private_dns": "ip-172-31-85-184.ec2.internal",
            "private_ip": "172.31.85.184",
            "public_dns": "ec2-54-237-251-246.compute-1.amazonaws.com",
            "public_ip": "54.237.251.246",
            "root_block_device": [
              {
                "delete_on_termination": true,
                "device_name": "/dev/xvda",
                "encrypted": false,
                "iops": 100,
                "kms_key_id": "",
                "tags": {},
                "throughput": 0,
                "volume_id": "vol-037de35bdf7c9b2cf",
                "volume_size": 8,
                "volume_type": "gp2"
              }
            ],
            "secondary_private_ips": [],
            "security_groups": [
              "default"
            ],
            "source_dest_check": true,
            "subnet_id": "subnet-2a053304",
            "tags": {
              "Name": "HelloWorld"
            },
            "tags_all": {
              "Name": "HelloWorld"
            },
            "tenancy": "default",
            "timeouts": null,
            "user_data": null,
            "user_data_base64": null,
            "volume_tags": null,
            "vpc_security_group_ids": [
              "sg-bb1f59e5"
            ]
          },
          "sensitive_attributes": [],
          "private": "eyJlMmJmYjczMC1lY2FhLTExZTYtOGY4OC0zNDM2M2JjN2M0YzAiOnsiY3JlYXRlIjo2MDAwMDAwMDAwMDAsImRlbGV0ZSI6MTIwMDAwMDAwMDAwMCwidXBkYXRlIjo2MDAwMDAwMDAwMDB9LCJzY2hlbWFfdmVyc2lvbiI6IjEifQ=="
        }
      ]
    },
    {
      "mode": "managed",
      "type": "aws_s3_bucket",
      "name": "pipeline_artifacts_bucket",
      "provider": "provider[\"registry.terraform.io/hashicorp/aws\"]",
      "instances": [
        {
          "schema_version": 0,
          "attributes": {
            "acceleration_status": "",
            "acl": "private",
            "arn": "arn:aws:s3:::gpabby-test-artifacts-bucket-rajat",
            "bucket": "gpabby-test-artifacts-bucket-rajat",
            "bucket_domain_name": "gpabby-test-artifacts-bucket-rajat.s3.amazonaws.com",
            "bucket_prefix": null,
            "bucket_regional_domain_name": "gpabby-test-artifacts-bucket-rajat.s3.amazonaws.com",
            "cors_rule": [],
            "force_destroy": true,
            "grant": [],
            "hosted_zone_id": "Z3AQBSTGFYJSTF",
            "id": "gpabby-test-artifacts-bucket-rajat",
            "lifecycle_rule": [],
            "logging": [],
            "object_lock_configuration": [],
            "policy": "",
            "region": "us-east-1",
            "replication_configuration": [],
            "request_payer": "BucketOwner",
            "server_side_encryption_configuration": [],
            "tags": {},
            "tags_all": {},
            "versioning": [
              {
                "enabled": false,
                "mfa_delete": false
              }
            ],
            "website": [],
            "website_domain": null,
            "website_endpoint": null
          },
          "sensitive_attributes": [],
          "private": "bnVsbA=="
        }
      ]
    },
    {
      "mode": "managed",
      "type": "github_repository",
      "name": "git_repo",
      "provider": "provider[\"registry.terraform.io/hashicorp/github\"]",
      "instances": [
        {
          "schema_version": 0,
          "attributes": {
            "allow_auto_merge": false,
            "allow_merge_commit": true,
            "allow_rebase_merge": true,
            "allow_squash_merge": true,
            "archive_on_destroy": null,
            "archived": false,
            "auto_init": null,
            "branches": [
              {
                "name": "master",
                "protected": false
              }
            ],
            "default_branch": "master",
            "delete_branch_on_merge": false,
            "description": "",
            "etag": "W/\"1da0432e5a1f4732115a8a26092712e83445820c43dbc46c7214a068868eaef1\"",
            "full_name": "Pabby07/golang-training",
            "git_clone_url": "git://github.com/Pabby07/golang-training.git",
            "gitignore_template": null,
            "has_downloads": false,
            "has_issues": false,
            "has_projects": false,
            "has_wiki": false,
            "homepage_url": "",
            "html_url": "https://github.com/Pabby07/golang-training",
            "http_clone_url": "https://github.com/Pabby07/golang-training.git",
            "id": "golang-training",
            "is_template": false,
            "license_template": null,
            "name": "golang-training",
            "node_id": "R_kgDOG59c6Q",
            "pages": [],
            "private": false,
            "repo_id": 463428841,
            "ssh_clone_url": "git@github.com:Pabby07/golang-training.git",
            "svn_url": "https://github.com/Pabby07/golang-training",
            "template": [],
            "topics": [],
            "visibility": "public",
            "vulnerability_alerts": false
          },
          "sensitive_attributes": [],
          "private": "bnVsbA=="
        }
      ]
    },
    {
      "mode": "managed",
      "type": "github_repository_webhook",
      "name": "github_hook",
      "provider": "provider[\"registry.terraform.io/hashicorp/github\"]",
      "instances": [
        {
          "schema_version": 1,
          "attributes": {
            "active": true,
            "configuration": [
              {
                "content_type": "json",
                "insecure_ssl": false,
                "secret": "vVzACZIgmQe8ghAJSTH7jncP3eaz12ox7IpnEQAvTrHlxhwmWIVOcrWmOsylhrFw4lv4vFiTBR7glGIRKXftzeVUdk1eKKSWGSo",
                "url": "https://us-east-1.webhooks.aws/trigger?t=eyJlbmNyeXB0ZWREYXRhIjoiR010bzk4dzlNNlNMYkExUUJKYUxKOWJhSHZFdUxwbUFYbjFLMlBrM0dvdVl4RSsremplQVpzRDV5Qjhlem92OWs4bk9hYXNUcklDbG8ya2xpNjYwdUttMTJEczJsNndONG84KzdoM2FRNVJpMmNDNk8yVkVHZ255QUZDbzd3UXhqWXB4YVFQNGx3UnFTRGgzRlBPK0pYOVpTenl0YXNaaE1KQ2Z4SVNxcjl6aGZnPT0iLCJpdlBhcmFtZXRlclNwZWMiOiJjVGtGVjJKRXZya1BkaHFEIiwibWF0ZXJpYWxTZXRTZXJpYWwiOjF9\u0026v=1"
              }
            ],
            "etag": null,
            "events": [
              "push"
            ],
            "id": "345095402",
            "name": null,
            "repository": "AWS-codepipeline",
            "url": "https://api.github.com/repos/Pabby07/AWS-codepipeline/hooks/345095402"
          },
          "sensitive_attributes": [],
          "private": "eyJzY2hlbWFfdmVyc2lvbiI6IjEifQ==",
          "dependencies": [
            "aws_codepipeline.static_web_pipeline",
            "aws_codepipeline_webhook.codepipeline_webhook",
            "aws_iam_role.codepipeline_role",
            "data.aws_iam_policy_document.codepipeline_assume_role_policy",
            "random_string.github_secret"
          ]
        }
      ]
    },
    {
      "mode": "managed",
      "type": "random_string",
      "name": "github_secret",
      "provider": "provider[\"registry.terraform.io/hashicorp/random\"]",
      "instances": [
        {
          "schema_version": 1,
          "attributes": {
            "id": "vVzACZIgmQe8ghAJSTH7jncP3eaz12ox7IpnEQAvTrHlxhwmWIVOcrWmOsylhrFw4lv4vFiTBR7glGIRKXftzeVUdk1eKKSWGSo",
            "keepers": null,
            "length": 99,
            "lower": true,
            "min_lower": 0,
            "min_numeric": 0,
            "min_special": 0,
            "min_upper": 0,
            "number": true,
            "override_special": null,
            "result": "vVzACZIgmQe8ghAJSTH7jncP3eaz12ox7IpnEQAvTrHlxhwmWIVOcrWmOsylhrFw4lv4vFiTBR7glGIRKXftzeVUdk1eKKSWGSo",
            "special": false,
            "upper": true
          },
          "sensitive_attributes": [],
          "private": "eyJzY2hlbWFfdmVyc2lvbiI6IjEifQ=="
        }
      ]
    }
  ]
}
